
Microsoft Visual Studio Solution File, Format Version 10.00
# Visual Studio 2008
Project("{FAE04EC0-301F-11D3-BF4B-00C04F79EFBC}") = "CeceliaExceltoDatabase", "CeceliaExceltoDatabase\CeceliaExceltoDatabase.csproj", "{E60CF41C-7FBC-4264-A212-230081167054}"
EndProject
Global
	GlobalSection(SolutionConfigurationPlatforms) = preSolution
		Debug|Any CPU = Debug|Any CPU
		Release|Any CPU = Release|Any CPU
	EndGlobalSection
	GlobalSection(ProjectConfigurationPlatforms) = postSolution
		{E60CF41C-7FBC-4264-A212-230081167054}.Debug|Any CPU.ActiveCfg = Debug|Any CPU
		{E60CF41C-7FBC-4264-A212-230081167054}.Debug|Any CPU.Build.0 = Debug|Any CPU
		{E60CF41C-7FBC-4264-A212-230081167054}.Release|Any CPU.ActiveCfg = Release|Any CPU
		{E60CF41C-7FBC-4264-A212-230081167054}.Release|Any CPU.Build.0 = Release|Any CPU
	EndGlobalSection
	GlobalSection(SolutionProperties) = preSolution
		HideSolutionNode = FALSE
	EndGlobalSection
EndGlobal
