
Microsoft Visual Studio Solution File, Format Version 10.00
# Visual Studio 2008
Project("{E24C65DC-7377-472B-9ABA-BC803B73C61A}") = "WebSite1", "..\Websites\WebSite1", "{A7A2B422-F04A-49B2-82AC-2CF1CCC99804}"
	ProjectSection(WebsiteProperties) = preProject
		TargetFramework = "3.5"
		ProjectReferences = "{DCC6EF2B-B26F-49B5-8256-7B74920B79AC}|CeceliaDataAccess.dll;{0C975B45-CB9A-4A1A-930A-46FB318E56A7}|CeceliaInformationModel.dll;"
		Debug.AspNetCompiler.VirtualPath = "/WebSite1"
		Debug.AspNetCompiler.PhysicalPath = "..\Websites\WebSite1\"
		Debug.AspNetCompiler.TargetPath = "PrecompiledWeb\WebSite1\"
		Debug.AspNetCompiler.Updateable = "true"
		Debug.AspNetCompiler.ForceOverwrite = "true"
		Debug.AspNetCompiler.FixedNames = "false"
		Debug.AspNetCompiler.Debug = "True"
		Release.AspNetCompiler.VirtualPath = "/WebSite1"
		Release.AspNetCompiler.PhysicalPath = "..\Websites\WebSite1\"
		Release.AspNetCompiler.TargetPath = "PrecompiledWeb\WebSite1\"
		Release.AspNetCompiler.Updateable = "true"
		Release.AspNetCompiler.ForceOverwrite = "true"
		Release.AspNetCompiler.FixedNames = "false"
		Release.AspNetCompiler.Debug = "False"
		VWDPort = "1061"
		VWDDynamicPort = "false"
		VWDVirtualPath = "/CeceliaMarketplaceDatabase"
	EndProjectSection
EndProject
Project("{2CFEAB61-6A3B-4EB8-B523-560B4BEEF521}") = "CeceliaMarketPlaceDatabase", "CeceliaMarketPlaceDatabase\CeceliaMarketPlaceDatabase.wdproj", "{DC107197-154E-4D54-BEC3-26D8D01EEE9F}"
EndProject
Project("{FAE04EC0-301F-11D3-BF4B-00C04F79EFBC}") = "CeceliaDataAccess", "CeceliaDataAccess\CeceliaDataAccess.csproj", "{DCC6EF2B-B26F-49B5-8256-7B74920B79AC}"
EndProject
Project("{FAE04EC0-301F-11D3-BF4B-00C04F79EFBC}") = "CeceliaInformationModel", "CeceliaInformationModel\CeceliaInformationModel.csproj", "{0C975B45-CB9A-4A1A-930A-46FB318E56A7}"
EndProject
Project("{FAE04EC0-301F-11D3-BF4B-00C04F79EFBC}") = "CeceliaExceltoDatabase", "CeceliaExceltoDatabase\CeceliaExceltoDatabase\CeceliaExceltoDatabase.csproj", "{E60CF41C-7FBC-4264-A212-230081167054}"
EndProject
Project("{FAE04EC0-301F-11D3-BF4B-00C04F79EFBC}") = "CeceliaDatabaseToText", "CeceliaDatabaseToText\CeceliaDatabaseToText.csproj", "{F1E69E34-3352-41DD-92EC-C361C7F43409}"
EndProject
Global
	GlobalSection(SolutionConfigurationPlatforms) = preSolution
		Debug|Any CPU = Debug|Any CPU
		Debug|Mixed Platforms = Debug|Mixed Platforms
		Release|Any CPU = Release|Any CPU
		Release|Mixed Platforms = Release|Mixed Platforms
	EndGlobalSection
	GlobalSection(ProjectConfigurationPlatforms) = postSolution
		{A7A2B422-F04A-49B2-82AC-2CF1CCC99804}.Debug|Any CPU.ActiveCfg = Debug|.NET
		{A7A2B422-F04A-49B2-82AC-2CF1CCC99804}.Debug|Mixed Platforms.ActiveCfg = Debug|.NET
		{A7A2B422-F04A-49B2-82AC-2CF1CCC99804}.Debug|Mixed Platforms.Build.0 = Debug|.NET
		{A7A2B422-F04A-49B2-82AC-2CF1CCC99804}.Release|Any CPU.ActiveCfg = Debug|.NET
		{A7A2B422-F04A-49B2-82AC-2CF1CCC99804}.Release|Mixed Platforms.ActiveCfg = Debug|.NET
		{A7A2B422-F04A-49B2-82AC-2CF1CCC99804}.Release|Mixed Platforms.Build.0 = Debug|.NET
		{DC107197-154E-4D54-BEC3-26D8D01EEE9F}.Debug|Any CPU.ActiveCfg = Release|Any CPU
		{DC107197-154E-4D54-BEC3-26D8D01EEE9F}.Debug|Mixed Platforms.ActiveCfg = Debug|Any CPU
		{DC107197-154E-4D54-BEC3-26D8D01EEE9F}.Debug|Mixed Platforms.Build.0 = Debug|Any CPU
		{DC107197-154E-4D54-BEC3-26D8D01EEE9F}.Release|Any CPU.ActiveCfg = Release|Any CPU
		{DC107197-154E-4D54-BEC3-26D8D01EEE9F}.Release|Any CPU.Build.0 = Release|Any CPU
		{DC107197-154E-4D54-BEC3-26D8D01EEE9F}.Release|Mixed Platforms.ActiveCfg = Release|Any CPU
		{DC107197-154E-4D54-BEC3-26D8D01EEE9F}.Release|Mixed Platforms.Build.0 = Release|Any CPU
		{DCC6EF2B-B26F-49B5-8256-7B74920B79AC}.Debug|Any CPU.ActiveCfg = Debug|Any CPU
		{DCC6EF2B-B26F-49B5-8256-7B74920B79AC}.Debug|Any CPU.Build.0 = Debug|Any CPU
		{DCC6EF2B-B26F-49B5-8256-7B74920B79AC}.Debug|Mixed Platforms.ActiveCfg = Debug|Any CPU
		{DCC6EF2B-B26F-49B5-8256-7B74920B79AC}.Debug|Mixed Platforms.Build.0 = Debug|Any CPU
		{DCC6EF2B-B26F-49B5-8256-7B74920B79AC}.Release|Any CPU.ActiveCfg = Release|Any CPU
		{DCC6EF2B-B26F-49B5-8256-7B74920B79AC}.Release|Any CPU.Build.0 = Release|Any CPU
		{DCC6EF2B-B26F-49B5-8256-7B74920B79AC}.Release|Mixed Platforms.ActiveCfg = Release|Any CPU
		{DCC6EF2B-B26F-49B5-8256-7B74920B79AC}.Release|Mixed Platforms.Build.0 = Release|Any CPU
		{0C975B45-CB9A-4A1A-930A-46FB318E56A7}.Debug|Any CPU.ActiveCfg = Debug|Any CPU
		{0C975B45-CB9A-4A1A-930A-46FB318E56A7}.Debug|Any CPU.Build.0 = Debug|Any CPU
		{0C975B45-CB9A-4A1A-930A-46FB318E56A7}.Debug|Mixed Platforms.ActiveCfg = Debug|Any CPU
		{0C975B45-CB9A-4A1A-930A-46FB318E56A7}.Debug|Mixed Platforms.Build.0 = Debug|Any CPU
		{0C975B45-CB9A-4A1A-930A-46FB318E56A7}.Release|Any CPU.ActiveCfg = Release|Any CPU
		{0C975B45-CB9A-4A1A-930A-46FB318E56A7}.Release|Any CPU.Build.0 = Release|Any CPU
		{0C975B45-CB9A-4A1A-930A-46FB318E56A7}.Release|Mixed Platforms.ActiveCfg = Release|Any CPU
		{0C975B45-CB9A-4A1A-930A-46FB318E56A7}.Release|Mixed Platforms.Build.0 = Release|Any CPU
		{E60CF41C-7FBC-4264-A212-230081167054}.Debug|Any CPU.ActiveCfg = Debug|Any CPU
		{E60CF41C-7FBC-4264-A212-230081167054}.Debug|Any CPU.Build.0 = Debug|Any CPU
		{E60CF41C-7FBC-4264-A212-230081167054}.Debug|Mixed Platforms.ActiveCfg = Debug|Any CPU
		{E60CF41C-7FBC-4264-A212-230081167054}.Debug|Mixed Platforms.Build.0 = Debug|Any CPU
		{E60CF41C-7FBC-4264-A212-230081167054}.Release|Any CPU.ActiveCfg = Release|Any CPU
		{E60CF41C-7FBC-4264-A212-230081167054}.Release|Any CPU.Build.0 = Release|Any CPU
		{E60CF41C-7FBC-4264-A212-230081167054}.Release|Mixed Platforms.ActiveCfg = Release|Any CPU
		{E60CF41C-7FBC-4264-A212-230081167054}.Release|Mixed Platforms.Build.0 = Release|Any CPU
		{F1E69E34-3352-41DD-92EC-C361C7F43409}.Debug|Any CPU.ActiveCfg = Debug|Any CPU
		{F1E69E34-3352-41DD-92EC-C361C7F43409}.Debug|Any CPU.Build.0 = Debug|Any CPU
		{F1E69E34-3352-41DD-92EC-C361C7F43409}.Debug|Mixed Platforms.ActiveCfg = Debug|Any CPU
		{F1E69E34-3352-41DD-92EC-C361C7F43409}.Debug|Mixed Platforms.Build.0 = Debug|Any CPU
		{F1E69E34-3352-41DD-92EC-C361C7F43409}.Release|Any CPU.ActiveCfg = Release|Any CPU
		{F1E69E34-3352-41DD-92EC-C361C7F43409}.Release|Any CPU.Build.0 = Release|Any CPU
		{F1E69E34-3352-41DD-92EC-C361C7F43409}.Release|Mixed Platforms.ActiveCfg = Release|Any CPU
		{F1E69E34-3352-41DD-92EC-C361C7F43409}.Release|Mixed Platforms.Build.0 = Release|Any CPU
	EndGlobalSection
	GlobalSection(SolutionProperties) = preSolution
		HideSolutionNode = FALSE
	EndGlobalSection
EndGlobal
